// !$*UTF8*$!
{
	archiveVersion = 1;
	classes = {
	};
	objectVersion = 56;
	objects = {

/* Begin PBXBuildFile section */
		2E1489982BB1C95400B81401 /* AppDelegate.swift in Sources */ = {isa = PBXBuildFile; fileRef = 2E1489972BB1C95400B81401 /* AppDelegate.swift */; };
		2E14899A2BB1C95400B81401 /* SceneDelegate.swift in Sources */ = {isa = PBXBuildFile; fileRef = 2E1489992BB1C95400B81401 /* SceneDelegate.swift */; };
		2E14899C2BB1C95400B81401 /* RegistrationView.swift in Sources */ = {isa = PBXBuildFile; fileRef = 2E14899B2BB1C95400B81401 /* RegistrationView.swift */; };
		2E1489A12BB1C95500B81401 /* Assets.xcassets in Resources */ = {isa = PBXBuildFile; fileRef = 2E1489A02BB1C95500B81401 /* Assets.xcassets */; };
		2E2DA2D92BB6DAEC00EBDD9F /* RegistrationInteractor.swift in Sources */ = {isa = PBXBuildFile; fileRef = 2E2DA2D82BB6DAEC00EBDD9F /* RegistrationInteractor.swift */; };
		2E2DA2DB2BB6DB1D00EBDD9F /* RegistrationPresenter.swift in Sources */ = {isa = PBXBuildFile; fileRef = 2E2DA2DA2BB6DB1D00EBDD9F /* RegistrationPresenter.swift */; };
		2E2DA2DD2BB6DB4700EBDD9F /* RegistrationEntity.swift in Sources */ = {isa = PBXBuildFile; fileRef = 2E2DA2DC2BB6DB4700EBDD9F /* RegistrationEntity.swift */; };
		2E2DA2DF2BB6DB8600EBDD9F /* RegistrationRouter.swift in Sources */ = {isa = PBXBuildFile; fileRef = 2E2DA2DE2BB6DB8600EBDD9F /* RegistrationRouter.swift */; };
		2E3562D42BC553CC0072FDD5 /* ChatTableViewCell.swift in Sources */ = {isa = PBXBuildFile; fileRef = 2E3562D32BC553CC0072FDD5 /* ChatTableViewCell.swift */; };
		2E3562D72BC55CC10072FDD5 /* EventsTableViewCell.swift in Sources */ = {isa = PBXBuildFile; fileRef = 2E3562D62BC55CC10072FDD5 /* EventsTableViewCell.swift */; };
		2E3562D92BC55CD20072FDD5 /* PackagesTableViewCell.swift in Sources */ = {isa = PBXBuildFile; fileRef = 2E3562D82BC55CD20072FDD5 /* PackagesTableViewCell.swift */; };
		2E7848632BBDDD9C00498179 /* TabBarController.swift in Sources */ = {isa = PBXBuildFile; fileRef = 2E7848622BBDDD9C00498179 /* TabBarController.swift */; };
		2E7848652BBDDEA000498179 /* HomeView.swift in Sources */ = {isa = PBXBuildFile; fileRef = 2E7848642BBDDEA000498179 /* HomeView.swift */; };
		2E7848672BBDDEC300498179 /* ExploreView.swift in Sources */ = {isa = PBXBuildFile; fileRef = 2E7848662BBDDEC300498179 /* ExploreView.swift */; };
		2E7848692BBDDED600498179 /* ChatView.swift in Sources */ = {isa = PBXBuildFile; fileRef = 2E7848682BBDDED600498179 /* ChatView.swift */; };
		2E78486B2BBDDEE200498179 /* FavoritesView.swift in Sources */ = {isa = PBXBuildFile; fileRef = 2E78486A2BBDDEE200498179 /* FavoritesView.swift */; };
		2E78486D2BBDDF0F00498179 /* ProfileView.swift in Sources */ = {isa = PBXBuildFile; fileRef = 2E78486C2BBDDF0F00498179 /* ProfileView.swift */; };
		2E804C6D2BCD4C490028026D /* DetailCollectionViewCell.swift in Sources */ = {isa = PBXBuildFile; fileRef = 2E804C6C2BCD4C490028026D /* DetailCollectionViewCell.swift */; };
		2E804C6F2BCD5BC90028026D /* FirstExploreCollectionViewCell.swift in Sources */ = {isa = PBXBuildFile; fileRef = 2E804C6E2BCD5BC90028026D /* FirstExploreCollectionViewCell.swift */; };
		2E804C722BCD8C690028026D /* DirectionsAndTransport.swift in Sources */ = {isa = PBXBuildFile; fileRef = 2E804C712BCD8C690028026D /* DirectionsAndTransport.swift */; };
		2E804C742BCD8F570028026D /* DirectionTableViewCell.swift in Sources */ = {isa = PBXBuildFile; fileRef = 2E804C732BCD8F570028026D /* DirectionTableViewCell.swift */; };
		2E805D792BBC7EC600D66081 /* WelcomeBackView.swift in Sources */ = {isa = PBXBuildFile; fileRef = 2E805D782BBC7EC600D66081 /* WelcomeBackView.swift */; };
		2E9693182BCED7F900725FE3 /* ProfileTableViewCell.swift in Sources */ = {isa = PBXBuildFile; fileRef = 2E9693172BCED7F900725FE3 /* ProfileTableViewCell.swift */; };
		2E9DB6482BD59B600044DA91 /* FilterView.swift in Sources */ = {isa = PBXBuildFile; fileRef = 2E9DB6472BD59B600044DA91 /* FilterView.swift */; };
		2E9DB64B2BD59EE10044DA91 /* NotificationView.swift in Sources */ = {isa = PBXBuildFile; fileRef = 2E9DB64A2BD59EE10044DA91 /* NotificationView.swift */; };
		2EAB65E52BC45E24007A9CBB /* TripDetailView.swift in Sources */ = {isa = PBXBuildFile; fileRef = 2EAB65E42BC45E24007A9CBB /* TripDetailView.swift */; };
		2EAE811E2BC9744600743C0A /* CustomPageControl.swift in Sources */ = {isa = PBXBuildFile; fileRef = 2EAE811D2BC9744600743C0A /* CustomPageControl.swift */; };
		2EC8A2852BE9333800364104 /* ForgotPasswordView.swift in Sources */ = {isa = PBXBuildFile; fileRef = 2EC8A2842BE9333800364104 /* ForgotPasswordView.swift */; };
		2EC8A2872BE9334B00364104 /* ForgotPasswordInteractor.swift in Sources */ = {isa = PBXBuildFile; fileRef = 2EC8A2862BE9334B00364104 /* ForgotPasswordInteractor.swift */; };
		2EC8A2892BE9335F00364104 /* ForgotPasswordPresenter.swift in Sources */ = {isa = PBXBuildFile; fileRef = 2EC8A2882BE9335F00364104 /* ForgotPasswordPresenter.swift */; };
		2EC8A28B2BE9336C00364104 /* ForgotPasswordEntity.swift in Sources */ = {isa = PBXBuildFile; fileRef = 2EC8A28A2BE9336C00364104 /* ForgotPasswordEntity.swift */; };
		2EC8A28D2BE9337F00364104 /* ForgotPasswordRouter.swift in Sources */ = {isa = PBXBuildFile; fileRef = 2EC8A28C2BE9337F00364104 /* ForgotPasswordRouter.swift */; };
		2ED4948D2BBF285F00E8BB78 /* CategoryCell.swift in Sources */ = {isa = PBXBuildFile; fileRef = 2ED4948C2BBF285F00E8BB78 /* CategoryCell.swift */; };
		2ED4948F2BBF287300E8BB78 /* TopTripCell.swift in Sources */ = {isa = PBXBuildFile; fileRef = 2ED4948E2BBF287300E8BB78 /* TopTripCell.swift */; };
		2ED494912BBF288400E8BB78 /* GroupTripCell.swift in Sources */ = {isa = PBXBuildFile; fileRef = 2ED494902BBF288400E8BB78 /* GroupTripCell.swift */; };
		2ED552292BBB3539003FD379 /* Colors.swift in Sources */ = {isa = PBXBuildFile; fileRef = 2ED552282BBB3539003FD379 /* Colors.swift */; };
		2EE084832BD9324F006B7005 /* GoogleService-Info.plist in Resources */ = {isa = PBXBuildFile; fileRef = 2EE084822BD9324E006B7005 /* GoogleService-Info.plist */; };
		2EE084862BD93294006B7005 /* FirebaseAuth in Frameworks */ = {isa = PBXBuildFile; productRef = 2EE084852BD93294006B7005 /* FirebaseAuth */; };
		2EE084882BD93294006B7005 /* FirebaseDatabase in Frameworks */ = {isa = PBXBuildFile; productRef = 2EE084872BD93294006B7005 /* FirebaseDatabase */; };
		2EE0848A2BD93294006B7005 /* FirebaseFirestore in Frameworks */ = {isa = PBXBuildFile; productRef = 2EE084892BD93294006B7005 /* FirebaseFirestore */; };
		2EE0848C2BD93294006B7005 /* FirebaseStorage in Frameworks */ = {isa = PBXBuildFile; productRef = 2EE0848B2BD93294006B7005 /* FirebaseStorage */; };
		2EE0848E2BD93AEF006B7005 /* AuthenticationManager.swift in Sources */ = {isa = PBXBuildFile; fileRef = 2EE0848D2BD93AEF006B7005 /* AuthenticationManager.swift */; };
		2EE084902BD93C11006B7005 /* AuthenticationModels.swift in Sources */ = {isa = PBXBuildFile; fileRef = 2EE0848F2BD93C11006B7005 /* AuthenticationModels.swift */; };
		2EF5712B2BDFFD61005C1AB0 /* StorageManager.swift in Sources */ = {isa = PBXBuildFile; fileRef = 2EF5712A2BDFFD61005C1AB0 /* StorageManager.swift */; };
		2EF5712D2BE009F0005C1AB0 /* HomeInteractor.swift in Sources */ = {isa = PBXBuildFile; fileRef = 2EF5712C2BE009F0005C1AB0 /* HomeInteractor.swift */; };
		2EF5712F2BE00A02005C1AB0 /* HomePresenter.swift in Sources */ = {isa = PBXBuildFile; fileRef = 2EF5712E2BE00A02005C1AB0 /* HomePresenter.swift */; };
		2EF571312BE00A11005C1AB0 /* HomeRouter.swift in Sources */ = {isa = PBXBuildFile; fileRef = 2EF571302BE00A11005C1AB0 /* HomeRouter.swift */; };
		2EF571332BE00A1D005C1AB0 /* HomeEntity.swift in Sources */ = {isa = PBXBuildFile; fileRef = 2EF571322BE00A1D005C1AB0 /* HomeEntity.swift */; };
/* End PBXBuildFile section */

/* Begin PBXFileReference section */
		2E1489942BB1C95400B81401 /* TravellingApp.app */ = {isa = PBXFileReference; explicitFileType = wrapper.application; includeInIndex = 0; path = TravellingApp.app; sourceTree = BUILT_PRODUCTS_DIR; };
		2E1489972BB1C95400B81401 /* AppDelegate.swift */ = {isa = PBXFileReference; lastKnownFileType = sourcecode.swift; path = AppDelegate.swift; sourceTree = "<group>"; };
		2E1489992BB1C95400B81401 /* SceneDelegate.swift */ = {isa = PBXFileReference; lastKnownFileType = sourcecode.swift; path = SceneDelegate.swift; sourceTree = "<group>"; };
		2E14899B2BB1C95400B81401 /* RegistrationView.swift */ = {isa = PBXFileReference; lastKnownFileType = sourcecode.swift; path = RegistrationView.swift; sourceTree = "<group>"; };
		2E1489A02BB1C95500B81401 /* Assets.xcassets */ = {isa = PBXFileReference; lastKnownFileType = folder.assetcatalog; path = Assets.xcassets; sourceTree = "<group>"; };
		2E1489A52BB1C95500B81401 /* Info.plist */ = {isa = PBXFileReference; lastKnownFileType = text.plist.xml; path = Info.plist; sourceTree = "<group>"; };
		2E2DA2D82BB6DAEC00EBDD9F /* RegistrationInteractor.swift */ = {isa = PBXFileReference; lastKnownFileType = sourcecode.swift; path = RegistrationInteractor.swift; sourceTree = "<group>"; };
		2E2DA2DA2BB6DB1D00EBDD9F /* RegistrationPresenter.swift */ = {isa = PBXFileReference; lastKnownFileType = sourcecode.swift; path = RegistrationPresenter.swift; sourceTree = "<group>"; };
		2E2DA2DC2BB6DB4700EBDD9F /* RegistrationEntity.swift */ = {isa = PBXFileReference; lastKnownFileType = sourcecode.swift; path = RegistrationEntity.swift; sourceTree = "<group>"; };
		2E2DA2DE2BB6DB8600EBDD9F /* RegistrationRouter.swift */ = {isa = PBXFileReference; lastKnownFileType = sourcecode.swift; path = RegistrationRouter.swift; sourceTree = "<group>"; };
		2E3562D32BC553CC0072FDD5 /* ChatTableViewCell.swift */ = {isa = PBXFileReference; lastKnownFileType = sourcecode.swift; path = ChatTableViewCell.swift; sourceTree = "<group>"; };
		2E3562D62BC55CC10072FDD5 /* EventsTableViewCell.swift */ = {isa = PBXFileReference; lastKnownFileType = sourcecode.swift; path = EventsTableViewCell.swift; sourceTree = "<group>"; };
		2E3562D82BC55CD20072FDD5 /* PackagesTableViewCell.swift */ = {isa = PBXFileReference; lastKnownFileType = sourcecode.swift; path = PackagesTableViewCell.swift; sourceTree = "<group>"; };
		2E7848622BBDDD9C00498179 /* TabBarController.swift */ = {isa = PBXFileReference; lastKnownFileType = sourcecode.swift; path = TabBarController.swift; sourceTree = "<group>"; };
		2E7848642BBDDEA000498179 /* HomeView.swift */ = {isa = PBXFileReference; lastKnownFileType = sourcecode.swift; path = HomeView.swift; sourceTree = "<group>"; };
		2E7848662BBDDEC300498179 /* ExploreView.swift */ = {isa = PBXFileReference; lastKnownFileType = sourcecode.swift; path = ExploreView.swift; sourceTree = "<group>"; };
		2E7848682BBDDED600498179 /* ChatView.swift */ = {isa = PBXFileReference; lastKnownFileType = sourcecode.swift; path = ChatView.swift; sourceTree = "<group>"; };
		2E78486A2BBDDEE200498179 /* FavoritesView.swift */ = {isa = PBXFileReference; lastKnownFileType = sourcecode.swift; path = FavoritesView.swift; sourceTree = "<group>"; };
		2E78486C2BBDDF0F00498179 /* ProfileView.swift */ = {isa = PBXFileReference; lastKnownFileType = sourcecode.swift; path = ProfileView.swift; sourceTree = "<group>"; };
		2E804C6C2BCD4C490028026D /* DetailCollectionViewCell.swift */ = {isa = PBXFileReference; lastKnownFileType = sourcecode.swift; path = DetailCollectionViewCell.swift; sourceTree = "<group>"; };
		2E804C6E2BCD5BC90028026D /* FirstExploreCollectionViewCell.swift */ = {isa = PBXFileReference; lastKnownFileType = sourcecode.swift; path = FirstExploreCollectionViewCell.swift; sourceTree = "<group>"; };
		2E804C712BCD8C690028026D /* DirectionsAndTransport.swift */ = {isa = PBXFileReference; lastKnownFileType = sourcecode.swift; path = DirectionsAndTransport.swift; sourceTree = "<group>"; };
		2E804C732BCD8F570028026D /* DirectionTableViewCell.swift */ = {isa = PBXFileReference; lastKnownFileType = sourcecode.swift; path = DirectionTableViewCell.swift; sourceTree = "<group>"; };
		2E805D782BBC7EC600D66081 /* WelcomeBackView.swift */ = {isa = PBXFileReference; lastKnownFileType = sourcecode.swift; path = WelcomeBackView.swift; sourceTree = "<group>"; };
		2E9693172BCED7F900725FE3 /* ProfileTableViewCell.swift */ = {isa = PBXFileReference; lastKnownFileType = sourcecode.swift; path = ProfileTableViewCell.swift; sourceTree = "<group>"; };
		2E9DB6472BD59B600044DA91 /* FilterView.swift */ = {isa = PBXFileReference; lastKnownFileType = sourcecode.swift; path = FilterView.swift; sourceTree = "<group>"; };
		2E9DB64A2BD59EE10044DA91 /* NotificationView.swift */ = {isa = PBXFileReference; lastKnownFileType = sourcecode.swift; path = NotificationView.swift; sourceTree = "<group>"; };
		2EAB65E42BC45E24007A9CBB /* TripDetailView.swift */ = {isa = PBXFileReference; lastKnownFileType = sourcecode.swift; path = TripDetailView.swift; sourceTree = "<group>"; };
		2EAE811D2BC9744600743C0A /* CustomPageControl.swift */ = {isa = PBXFileReference; lastKnownFileType = sourcecode.swift; path = CustomPageControl.swift; sourceTree = "<group>"; };
		2EC8A2842BE9333800364104 /* ForgotPasswordView.swift */ = {isa = PBXFileReference; lastKnownFileType = sourcecode.swift; path = ForgotPasswordView.swift; sourceTree = "<group>"; };
		2EC8A2862BE9334B00364104 /* ForgotPasswordInteractor.swift */ = {isa = PBXFileReference; lastKnownFileType = sourcecode.swift; path = ForgotPasswordInteractor.swift; sourceTree = "<group>"; };
		2EC8A2882BE9335F00364104 /* ForgotPasswordPresenter.swift */ = {isa = PBXFileReference; lastKnownFileType = sourcecode.swift; path = ForgotPasswordPresenter.swift; sourceTree = "<group>"; };
		2EC8A28A2BE9336C00364104 /* ForgotPasswordEntity.swift */ = {isa = PBXFileReference; lastKnownFileType = sourcecode.swift; path = ForgotPasswordEntity.swift; sourceTree = "<group>"; };
		2EC8A28C2BE9337F00364104 /* ForgotPasswordRouter.swift */ = {isa = PBXFileReference; lastKnownFileType = sourcecode.swift; path = ForgotPasswordRouter.swift; sourceTree = "<group>"; };
		2ED4948C2BBF285F00E8BB78 /* CategoryCell.swift */ = {isa = PBXFileReference; lastKnownFileType = sourcecode.swift; path = CategoryCell.swift; sourceTree = "<group>"; };
		2ED4948E2BBF287300E8BB78 /* TopTripCell.swift */ = {isa = PBXFileReference; lastKnownFileType = sourcecode.swift; path = TopTripCell.swift; sourceTree = "<group>"; };
		2ED494902BBF288400E8BB78 /* GroupTripCell.swift */ = {isa = PBXFileReference; lastKnownFileType = sourcecode.swift; path = GroupTripCell.swift; sourceTree = "<group>"; };
		2ED552282BBB3539003FD379 /* Colors.swift */ = {isa = PBXFileReference; lastKnownFileType = sourcecode.swift; path = Colors.swift; sourceTree = "<group>"; };
		2EE084822BD9324E006B7005 /* GoogleService-Info.plist */ = {isa = PBXFileReference; fileEncoding = 4; lastKnownFileType = text.plist.xml; name = "GoogleService-Info.plist"; path = "../GoogleService-Info.plist"; sourceTree = "<group>"; };
		2EE0848D2BD93AEF006B7005 /* AuthenticationManager.swift */ = {isa = PBXFileReference; lastKnownFileType = sourcecode.swift; path = AuthenticationManager.swift; sourceTree = "<group>"; };
		2EE0848F2BD93C11006B7005 /* AuthenticationModels.swift */ = {isa = PBXFileReference; lastKnownFileType = sourcecode.swift; path = AuthenticationModels.swift; sourceTree = "<group>"; };
		2EF5712A2BDFFD61005C1AB0 /* StorageManager.swift */ = {isa = PBXFileReference; lastKnownFileType = sourcecode.swift; path = StorageManager.swift; sourceTree = "<group>"; };
		2EF5712C2BE009F0005C1AB0 /* HomeInteractor.swift */ = {isa = PBXFileReference; lastKnownFileType = sourcecode.swift; path = HomeInteractor.swift; sourceTree = "<group>"; };
		2EF5712E2BE00A02005C1AB0 /* HomePresenter.swift */ = {isa = PBXFileReference; lastKnownFileType = sourcecode.swift; path = HomePresenter.swift; sourceTree = "<group>"; };
		2EF571302BE00A11005C1AB0 /* HomeRouter.swift */ = {isa = PBXFileReference; lastKnownFileType = sourcecode.swift; path = HomeRouter.swift; sourceTree = "<group>"; };
		2EF571322BE00A1D005C1AB0 /* HomeEntity.swift */ = {isa = PBXFileReference; lastKnownFileType = sourcecode.swift; path = HomeEntity.swift; sourceTree = "<group>"; };
/* End PBXFileReference section */

/* Begin PBXFrameworksBuildPhase section */
		2E1489912BB1C95400B81401 /* Frameworks */ = {
			isa = PBXFrameworksBuildPhase;
			buildActionMask = 2147483647;
			files = (
				2EE084882BD93294006B7005 /* FirebaseDatabase in Frameworks */,
				2EE0848C2BD93294006B7005 /* FirebaseStorage in Frameworks */,
				2EE084862BD93294006B7005 /* FirebaseAuth in Frameworks */,
				2EE0848A2BD93294006B7005 /* FirebaseFirestore in Frameworks */,
			);
			runOnlyForDeploymentPostprocessing = 0;
		};
/* End PBXFrameworksBuildPhase section */

/* Begin PBXGroup section */
		2E14898B2BB1C95400B81401 = {
			isa = PBXGroup;
			children = (
				2EE084822BD9324E006B7005 /* GoogleService-Info.plist */,
				2E1489962BB1C95400B81401 /* TravellingApp */,
				2E1489952BB1C95400B81401 /* Products */,
			);
			sourceTree = "<group>";
		};
		2E1489952BB1C95400B81401 /* Products */ = {
			isa = PBXGroup;
			children = (
				2E1489942BB1C95400B81401 /* TravellingApp.app */,
			);
			name = Products;
			sourceTree = "<group>";
		};
		2E1489962BB1C95400B81401 /* TravellingApp */ = {
			isa = PBXGroup;
			children = (
				2E1489972BB1C95400B81401 /* AppDelegate.swift */,
				2E1489992BB1C95400B81401 /* SceneDelegate.swift */,
				2ED552282BBB3539003FD379 /* Colors.swift */,
				2EF5712A2BDFFD61005C1AB0 /* StorageManager.swift */,
				2E7848612BBDDD5E00498179 /* TabBar */,
				2EE084912BD93C39006B7005 /* AuthenticationModule */,
				2E2DA2D72BB6D9CD00EBDD9F /* Registration */,
				2EC8A2832BE9331900364104 /* ForgotPasswordScreen */,
				2E805D772BBC7E9B00D66081 /* WelcomeBackScreen */,
				2ED4948B2BBF282300E8BB78 /* HomeScreen */,
				2E9DB6492BD59ECC0044DA91 /* NotificationScreen */,
				2E3562CF2BC540E00072FDD5 /* ExploreScreen */,
				2E3562D22BC54FEE0072FDD5 /* ChatScreen */,
				2E3562D52BC55A1C0072FDD5 /* FavoritesScreen */,
				2E9693162BCED5D900725FE3 /* ProfileScreen */,
				2E1489A02BB1C95500B81401 /* Assets.xcassets */,
				2E1489A52BB1C95500B81401 /* Info.plist */,
			);
			path = TravellingApp;
			sourceTree = "<group>";
		};
		2E2DA2D72BB6D9CD00EBDD9F /* Registration */ = {
			isa = PBXGroup;
			children = (
				2E14899B2BB1C95400B81401 /* RegistrationView.swift */,
				2E2DA2D82BB6DAEC00EBDD9F /* RegistrationInteractor.swift */,
				2E2DA2DA2BB6DB1D00EBDD9F /* RegistrationPresenter.swift */,
				2E2DA2DC2BB6DB4700EBDD9F /* RegistrationEntity.swift */,
				2E2DA2DE2BB6DB8600EBDD9F /* RegistrationRouter.swift */,
			);
			path = Registration;
			sourceTree = "<group>";
		};
		2E3562CF2BC540E00072FDD5 /* ExploreScreen */ = {
			isa = PBXGroup;
			children = (
				2E804C702BCD8B8E0028026D /* Cells */,
				2E7848662BBDDEC300498179 /* ExploreView.swift */,
				2E804C712BCD8C690028026D /* DirectionsAndTransport.swift */,
				2E804C732BCD8F570028026D /* DirectionTableViewCell.swift */,
				2EAE811D2BC9744600743C0A /* CustomPageControl.swift */,
			);
			path = ExploreScreen;
			sourceTree = "<group>";
		};
		2E3562D22BC54FEE0072FDD5 /* ChatScreen */ = {
			isa = PBXGroup;
			children = (
				2E7848682BBDDED600498179 /* ChatView.swift */,
				2E3562D32BC553CC0072FDD5 /* ChatTableViewCell.swift */,
			);
			path = ChatScreen;
			sourceTree = "<group>";
		};
		2E3562D52BC55A1C0072FDD5 /* FavoritesScreen */ = {
			isa = PBXGroup;
			children = (
				2E78486A2BBDDEE200498179 /* FavoritesView.swift */,
				2E3562D62BC55CC10072FDD5 /* EventsTableViewCell.swift */,
				2E3562D82BC55CD20072FDD5 /* PackagesTableViewCell.swift */,
			);
			path = FavoritesScreen;
			sourceTree = "<group>";
		};
		2E7848612BBDDD5E00498179 /* TabBar */ = {
			isa = PBXGroup;
			children = (
				2E7848622BBDDD9C00498179 /* TabBarController.swift */,
			);
			path = TabBar;
			sourceTree = "<group>";
		};
		2E804C702BCD8B8E0028026D /* Cells */ = {
			isa = PBXGroup;
			children = (
				2E804C6C2BCD4C490028026D /* DetailCollectionViewCell.swift */,
				2E804C6E2BCD5BC90028026D /* FirstExploreCollectionViewCell.swift */,
			);
			path = Cells;
			sourceTree = "<group>";
		};
		2E805D772BBC7E9B00D66081 /* WelcomeBackScreen */ = {
			isa = PBXGroup;
			children = (
				2E805D782BBC7EC600D66081 /* WelcomeBackView.swift */,
			);
			path = WelcomeBackScreen;
			sourceTree = "<group>";
		};
		2E9693162BCED5D900725FE3 /* ProfileScreen */ = {
			isa = PBXGroup;
			children = (
				2E78486C2BBDDF0F00498179 /* ProfileView.swift */,
				2E9693172BCED7F900725FE3 /* ProfileTableViewCell.swift */,
			);
			path = ProfileScreen;
			sourceTree = "<group>";
		};
		2E9DB6462BD59B4B0044DA91 /* FilterScreen */ = {
			isa = PBXGroup;
			children = (
				2E9DB6472BD59B600044DA91 /* FilterView.swift */,
			);
			path = FilterScreen;
			sourceTree = "<group>";
		};
		2E9DB6492BD59ECC0044DA91 /* NotificationScreen */ = {
			isa = PBXGroup;
			children = (
				2E9DB64A2BD59EE10044DA91 /* NotificationView.swift */,
			);
			path = NotificationScreen;
			sourceTree = "<group>";
		};
		2EC8A2832BE9331900364104 /* ForgotPasswordScreen */ = {
			isa = PBXGroup;
			children = (
				2EC8A2842BE9333800364104 /* ForgotPasswordView.swift */,
				2EC8A2862BE9334B00364104 /* ForgotPasswordInteractor.swift */,
				2EC8A2882BE9335F00364104 /* ForgotPasswordPresenter.swift */,
				2EC8A28A2BE9336C00364104 /* ForgotPasswordEntity.swift */,
				2EC8A28C2BE9337F00364104 /* ForgotPasswordRouter.swift */,
			);
			path = ForgotPasswordScreen;
			sourceTree = "<group>";
		};
		2ED4948B2BBF282300E8BB78 /* HomeScreen */ = {
			isa = PBXGroup;
			children = (
				2E7848642BBDDEA000498179 /* HomeView.swift */,
				2EF5712C2BE009F0005C1AB0 /* HomeInteractor.swift */,
				2EF5712E2BE00A02005C1AB0 /* HomePresenter.swift */,
				2EF571322BE00A1D005C1AB0 /* HomeEntity.swift */,
				2EF571302BE00A11005C1AB0 /* HomeRouter.swift */,
				2EF571342BE00A28005C1AB0 /* Cells */,
				2EAB65E42BC45E24007A9CBB /* TripDetailView.swift */,
				2E9DB6462BD59B4B0044DA91 /* FilterScreen */,
			);
			path = HomeScreen;
			sourceTree = "<group>";
		};
		2EE084912BD93C39006B7005 /* AuthenticationModule */ = {
			isa = PBXGroup;
			children = (
				2EE0848D2BD93AEF006B7005 /* AuthenticationManager.swift */,
				2EE0848F2BD93C11006B7005 /* AuthenticationModels.swift */,
			);
			path = AuthenticationModule;
			sourceTree = "<group>";
		};
		2EF571342BE00A28005C1AB0 /* Cells */ = {
			isa = PBXGroup;
			children = (
				2ED4948C2BBF285F00E8BB78 /* CategoryCell.swift */,
				2ED494902BBF288400E8BB78 /* GroupTripCell.swift */,
				2ED4948E2BBF287300E8BB78 /* TopTripCell.swift */,
			);
			path = Cells;
			sourceTree = "<group>";
		};
/* End PBXGroup section */

/* Begin PBXNativeTarget section */
		2E1489932BB1C95400B81401 /* TravellingApp */ = {
			isa = PBXNativeTarget;
			buildConfigurationList = 2E1489A82BB1C95500B81401 /* Build configuration list for PBXNativeTarget "TravellingApp" */;
			buildPhases = (
				2E1489902BB1C95400B81401 /* Sources */,
				2E1489912BB1C95400B81401 /* Frameworks */,
				2E1489922BB1C95400B81401 /* Resources */,
			);
			buildRules = (
			);
			dependencies = (
			);
			name = TravellingApp;
			packageProductDependencies = (
				2EE084852BD93294006B7005 /* FirebaseAuth */,
				2EE084872BD93294006B7005 /* FirebaseDatabase */,
				2EE084892BD93294006B7005 /* FirebaseFirestore */,
				2EE0848B2BD93294006B7005 /* FirebaseStorage */,
			);
			productName = TravellingApp;
			productReference = 2E1489942BB1C95400B81401 /* TravellingApp.app */;
			productType = "com.apple.product-type.application";
		};
/* End PBXNativeTarget section */

/* Begin PBXProject section */
		2E14898C2BB1C95400B81401 /* Project object */ = {
			isa = PBXProject;
			attributes = {
				BuildIndependentTargetsInParallel = 1;
				LastSwiftUpdateCheck = 1430;
				LastUpgradeCheck = 1430;
				TargetAttributes = {
					2E1489932BB1C95400B81401 = {
						CreatedOnToolsVersion = 14.3.1;
					};
				};
			};
			buildConfigurationList = 2E14898F2BB1C95400B81401 /* Build configuration list for PBXProject "TravellingApp" */;
			compatibilityVersion = "Xcode 14.0";
			developmentRegion = en;
			hasScannedForEncodings = 0;
			knownRegions = (
				en,
				Base,
			);
			mainGroup = 2E14898B2BB1C95400B81401;
			packageReferences = (
				2EE084842BD93294006B7005 /* XCRemoteSwiftPackageReference "firebase-ios-sdk" */,
			);
			productRefGroup = 2E1489952BB1C95400B81401 /* Products */;
			projectDirPath = "";
			projectRoot = "";
			targets = (
				2E1489932BB1C95400B81401 /* TravellingApp */,
			);
		};
/* End PBXProject section */

/* Begin PBXResourcesBuildPhase section */
		2E1489922BB1C95400B81401 /* Resources */ = {
			isa = PBXResourcesBuildPhase;
			buildActionMask = 2147483647;
			files = (
				2E1489A12BB1C95500B81401 /* Assets.xcassets in Resources */,
				2EE084832BD9324F006B7005 /* GoogleService-Info.plist in Resources */,
			);
			runOnlyForDeploymentPostprocessing = 0;
		};
/* End PBXResourcesBuildPhase section */

/* Begin PBXSourcesBuildPhase section */
		2E1489902BB1C95400B81401 /* Sources */ = {
			isa = PBXSourcesBuildPhase;
			buildActionMask = 2147483647;
			files = (
				2EC8A28B2BE9336C00364104 /* ForgotPasswordEntity.swift in Sources */,
				2E14899C2BB1C95400B81401 /* RegistrationView.swift in Sources */,
				2E7848672BBDDEC300498179 /* ExploreView.swift in Sources */,
				2ED552292BBB3539003FD379 /* Colors.swift in Sources */,
				2E9693182BCED7F900725FE3 /* ProfileTableViewCell.swift in Sources */,
				2E2DA2DB2BB6DB1D00EBDD9F /* RegistrationPresenter.swift in Sources */,
				2E3562D72BC55CC10072FDD5 /* EventsTableViewCell.swift in Sources */,
				2E7848632BBDDD9C00498179 /* TabBarController.swift in Sources */,
				2E2DA2D92BB6DAEC00EBDD9F /* RegistrationInteractor.swift in Sources */,
				2E7848692BBDDED600498179 /* ChatView.swift in Sources */,
				2E9DB6482BD59B600044DA91 /* FilterView.swift in Sources */,
				2EC8A2852BE9333800364104 /* ForgotPasswordView.swift in Sources */,
				2E3562D42BC553CC0072FDD5 /* ChatTableViewCell.swift in Sources */,
				2E78486D2BBDDF0F00498179 /* ProfileView.swift in Sources */,
				2E804C742BCD8F570028026D /* DirectionTableViewCell.swift in Sources */,
				2E7848652BBDDEA000498179 /* HomeView.swift in Sources */,
				2EF571332BE00A1D005C1AB0 /* HomeEntity.swift in Sources */,
				2E3562D92BC55CD20072FDD5 /* PackagesTableViewCell.swift in Sources */,
				2E2DA2DD2BB6DB4700EBDD9F /* RegistrationEntity.swift in Sources */,
				2ED494912BBF288400E8BB78 /* GroupTripCell.swift in Sources */,
				2E1489982BB1C95400B81401 /* AppDelegate.swift in Sources */,
				2ED4948F2BBF287300E8BB78 /* TopTripCell.swift in Sources */,
				2ED4948D2BBF285F00E8BB78 /* CategoryCell.swift in Sources */,
				2EAB65E52BC45E24007A9CBB /* TripDetailView.swift in Sources */,
				2E78486B2BBDDEE200498179 /* FavoritesView.swift in Sources */,
				2E805D792BBC7EC600D66081 /* WelcomeBackView.swift in Sources */,
				2E2DA2DF2BB6DB8600EBDD9F /* RegistrationRouter.swift in Sources */,
				2EF5712B2BDFFD61005C1AB0 /* StorageManager.swift in Sources */,
				2EF571312BE00A11005C1AB0 /* HomeRouter.swift in Sources */,
				2E14899A2BB1C95400B81401 /* SceneDelegate.swift in Sources */,
				2EE084902BD93C11006B7005 /* AuthenticationModels.swift in Sources */,
				2EAE811E2BC9744600743C0A /* CustomPageControl.swift in Sources */,
				2EF5712F2BE00A02005C1AB0 /* HomePresenter.swift in Sources */,
				2E804C6D2BCD4C490028026D /* DetailCollectionViewCell.swift in Sources */,
				2E804C6F2BCD5BC90028026D /* FirstExploreCollectionViewCell.swift in Sources */,
				2EC8A2872BE9334B00364104 /* ForgotPasswordInteractor.swift in Sources */,
				2EE0848E2BD93AEF006B7005 /* AuthenticationManager.swift in Sources */,
				2EC8A2892BE9335F00364104 /* ForgotPasswordPresenter.swift in Sources */,
				2EC8A28D2BE9337F00364104 /* ForgotPasswordRouter.swift in Sources */,
				2E804C722BCD8C690028026D /* DirectionsAndTransport.swift in Sources */,
				2E9DB64B2BD59EE10044DA91 /* NotificationView.swift in Sources */,
				2EF5712D2BE009F0005C1AB0 /* HomeInteractor.swift in Sources */,
			);
			runOnlyForDeploymentPostprocessing = 0;
		};
/* End PBXSourcesBuildPhase section */

/* Begin XCBuildConfiguration section */
		2E1489A62BB1C95500B81401 /* Debug */ = {
			isa = XCBuildConfiguration;
			buildSettings = {
				ALWAYS_SEARCH_USER_PATHS = NO;
				CLANG_ANALYZER_NONNULL = YES;
				CLANG_ANALYZER_NUMBER_OBJECT_CONVERSION = YES_AGGRESSIVE;
				CLANG_CXX_LANGUAGE_STANDARD = "gnu++20";
				CLANG_ENABLE_MODULES = YES;
				CLANG_ENABLE_OBJC_ARC = YES;
				CLANG_ENABLE_OBJC_WEAK = YES;
				CLANG_WARN_BLOCK_CAPTURE_AUTORELEASING = YES;
				CLANG_WARN_BOOL_CONVERSION = YES;
				CLANG_WARN_COMMA = YES;
				CLANG_WARN_CONSTANT_CONVERSION = YES;
				CLANG_WARN_DEPRECATED_OBJC_IMPLEMENTATIONS = YES;
				CLANG_WARN_DIRECT_OBJC_ISA_USAGE = YES_ERROR;
				CLANG_WARN_DOCUMENTATION_COMMENTS = YES;
				CLANG_WARN_EMPTY_BODY = YES;
				CLANG_WARN_ENUM_CONVERSION = YES;
				CLANG_WARN_INFINITE_RECURSION = YES;
				CLANG_WARN_INT_CONVERSION = YES;
				CLANG_WARN_NON_LITERAL_NULL_CONVERSION = YES;
				CLANG_WARN_OBJC_IMPLICIT_RETAIN_SELF = YES;
				CLANG_WARN_OBJC_LITERAL_CONVERSION = YES;
				CLANG_WARN_OBJC_ROOT_CLASS = YES_ERROR;
				CLANG_WARN_QUOTED_INCLUDE_IN_FRAMEWORK_HEADER = YES;
				CLANG_WARN_RANGE_LOOP_ANALYSIS = YES;
				CLANG_WARN_STRICT_PROTOTYPES = YES;
				CLANG_WARN_SUSPICIOUS_MOVE = YES;
				CLANG_WARN_UNGUARDED_AVAILABILITY = YES_AGGRESSIVE;
				CLANG_WARN_UNREACHABLE_CODE = YES;
				CLANG_WARN__DUPLICATE_METHOD_MATCH = YES;
				COPY_PHASE_STRIP = NO;
				DEBUG_INFORMATION_FORMAT = dwarf;
				ENABLE_STRICT_OBJC_MSGSEND = YES;
				ENABLE_TESTABILITY = YES;
				GCC_C_LANGUAGE_STANDARD = gnu11;
				GCC_DYNAMIC_NO_PIC = NO;
				GCC_NO_COMMON_BLOCKS = YES;
				GCC_OPTIMIZATION_LEVEL = 0;
				GCC_PREPROCESSOR_DEFINITIONS = (
					"DEBUG=1",
					"$(inherited)",
				);
				GCC_WARN_64_TO_32_BIT_CONVERSION = YES;
				GCC_WARN_ABOUT_RETURN_TYPE = YES_ERROR;
				GCC_WARN_UNDECLARED_SELECTOR = YES;
				GCC_WARN_UNINITIALIZED_AUTOS = YES_AGGRESSIVE;
				GCC_WARN_UNUSED_FUNCTION = YES;
				GCC_WARN_UNUSED_VARIABLE = YES;
				IPHONEOS_DEPLOYMENT_TARGET = 16.4;
				MTL_ENABLE_DEBUG_INFO = INCLUDE_SOURCE;
				MTL_FAST_MATH = YES;
				ONLY_ACTIVE_ARCH = YES;
				SDKROOT = iphoneos;
				SWIFT_ACTIVE_COMPILATION_CONDITIONS = DEBUG;
				SWIFT_OPTIMIZATION_LEVEL = "-Onone";
			};
			name = Debug;
		};
		2E1489A72BB1C95500B81401 /* Release */ = {
			isa = XCBuildConfiguration;
			buildSettings = {
				ALWAYS_SEARCH_USER_PATHS = NO;
				CLANG_ANALYZER_NONNULL = YES;
				CLANG_ANALYZER_NUMBER_OBJECT_CONVERSION = YES_AGGRESSIVE;
				CLANG_CXX_LANGUAGE_STANDARD = "gnu++20";
				CLANG_ENABLE_MODULES = YES;
				CLANG_ENABLE_OBJC_ARC = YES;
				CLANG_ENABLE_OBJC_WEAK = YES;
				CLANG_WARN_BLOCK_CAPTURE_AUTORELEASING = YES;
				CLANG_WARN_BOOL_CONVERSION = YES;
				CLANG_WARN_COMMA = YES;
				CLANG_WARN_CONSTANT_CONVERSION = YES;
				CLANG_WARN_DEPRECATED_OBJC_IMPLEMENTATIONS = YES;
				CLANG_WARN_DIRECT_OBJC_ISA_USAGE = YES_ERROR;
				CLANG_WARN_DOCUMENTATION_COMMENTS = YES;
				CLANG_WARN_EMPTY_BODY = YES;
				CLANG_WARN_ENUM_CONVERSION = YES;
				CLANG_WARN_INFINITE_RECURSION = YES;
				CLANG_WARN_INT_CONVERSION = YES;
				CLANG_WARN_NON_LITERAL_NULL_CONVERSION = YES;
				CLANG_WARN_OBJC_IMPLICIT_RETAIN_SELF = YES;
				CLANG_WARN_OBJC_LITERAL_CONVERSION = YES;
				CLANG_WARN_OBJC_ROOT_CLASS = YES_ERROR;
				CLANG_WARN_QUOTED_INCLUDE_IN_FRAMEWORK_HEADER = YES;
				CLANG_WARN_RANGE_LOOP_ANALYSIS = YES;
				CLANG_WARN_STRICT_PROTOTYPES = YES;
				CLANG_WARN_SUSPICIOUS_MOVE = YES;
				CLANG_WARN_UNGUARDED_AVAILABILITY = YES_AGGRESSIVE;
				CLANG_WARN_UNREACHABLE_CODE = YES;
				CLANG_WARN__DUPLICATE_METHOD_MATCH = YES;
				COPY_PHASE_STRIP = NO;
				DEBUG_INFORMATION_FORMAT = "dwarf-with-dsym";
				ENABLE_NS_ASSERTIONS = NO;
				ENABLE_STRICT_OBJC_MSGSEND = YES;
				GCC_C_LANGUAGE_STANDARD = gnu11;
				GCC_NO_COMMON_BLOCKS = YES;
				GCC_WARN_64_TO_32_BIT_CONVERSION = YES;
				GCC_WARN_ABOUT_RETURN_TYPE = YES_ERROR;
				GCC_WARN_UNDECLARED_SELECTOR = YES;
				GCC_WARN_UNINITIALIZED_AUTOS = YES_AGGRESSIVE;
				GCC_WARN_UNUSED_FUNCTION = YES;
				GCC_WARN_UNUSED_VARIABLE = YES;
				IPHONEOS_DEPLOYMENT_TARGET = 16.4;
				MTL_ENABLE_DEBUG_INFO = NO;
				MTL_FAST_MATH = YES;
				SDKROOT = iphoneos;
				SWIFT_COMPILATION_MODE = wholemodule;
				SWIFT_OPTIMIZATION_LEVEL = "-O";
				VALIDATE_PRODUCT = YES;
			};
			name = Release;
		};
		2E1489A92BB1C95500B81401 /* Debug */ = {
			isa = XCBuildConfiguration;
			buildSettings = {
				ASSETCATALOG_COMPILER_APPICON_NAME = AppIcon;
				ASSETCATALOG_COMPILER_GLOBAL_ACCENT_COLOR_NAME = AccentColor;
				CODE_SIGN_STYLE = Automatic;
				CURRENT_PROJECT_VERSION = 1;
				GENERATE_INFOPLIST_FILE = YES;
				INFOPLIST_FILE = TravellingApp/Info.plist;
				INFOPLIST_KEY_UIApplicationSupportsIndirectInputEvents = YES;
				INFOPLIST_KEY_UILaunchStoryboardName = LaunchScreen;
				INFOPLIST_KEY_UISupportedInterfaceOrientations_iPad = "UIInterfaceOrientationPortrait UIInterfaceOrientationPortraitUpsideDown UIInterfaceOrientationLandscapeLeft UIInterfaceOrientationLandscapeRight";
				INFOPLIST_KEY_UISupportedInterfaceOrientations_iPhone = "UIInterfaceOrientationPortrait UIInterfaceOrientationLandscapeLeft UIInterfaceOrientationLandscapeRight";
				LD_RUNPATH_SEARCH_PATHS = (
					"$(inherited)",
					"@executable_path/Frameworks",
				);
				MARKETING_VERSION = 1.0;
				PRODUCT_BUNDLE_IDENTIFIER = aizada.TravellingApp;
				PRODUCT_NAME = "$(TARGET_NAME)";
				SWIFT_EMIT_LOC_STRINGS = YES;
				SWIFT_VERSION = 5.0;
				TARGETED_DEVICE_FAMILY = "1,2";
			};
			name = Debug;
		};
		2E1489AA2BB1C95500B81401 /* Release */ = {
			isa = XCBuildConfiguration;
			buildSettings = {
				ASSETCATALOG_COMPILER_APPICON_NAME = AppIcon;
				ASSETCATALOG_COMPILER_GLOBAL_ACCENT_COLOR_NAME = AccentColor;
				CODE_SIGN_STYLE = Automatic;
				CURRENT_PROJECT_VERSION = 1;
				GENERATE_INFOPLIST_FILE = YES;
				INFOPLIST_FILE = TravellingApp/Info.plist;
				INFOPLIST_KEY_UIApplicationSupportsIndirectInputEvents = YES;
				INFOPLIST_KEY_UILaunchStoryboardName = LaunchScreen;
				INFOPLIST_KEY_UISupportedInterfaceOrientations_iPad = "UIInterfaceOrientationPortrait UIInterfaceOrientationPortraitUpsideDown UIInterfaceOrientationLandscapeLeft UIInterfaceOrientationLandscapeRight";
				INFOPLIST_KEY_UISupportedInterfaceOrientations_iPhone = "UIInterfaceOrientationPortrait UIInterfaceOrientationLandscapeLeft UIInterfaceOrientationLandscapeRight";
				LD_RUNPATH_SEARCH_PATHS = (
					"$(inherited)",
					"@executable_path/Frameworks",
				);
				MARKETING_VERSION = 1.0;
				PRODUCT_BUNDLE_IDENTIFIER = aizada.TravellingApp;
				PRODUCT_NAME = "$(TARGET_NAME)";
				SWIFT_EMIT_LOC_STRINGS = YES;
				SWIFT_VERSION = 5.0;
				TARGETED_DEVICE_FAMILY = "1,2";
			};
			name = Release;
		};
/* End XCBuildConfiguration section */

/* Begin XCConfigurationList section */
		2E14898F2BB1C95400B81401 /* Build configuration list for PBXProject "TravellingApp" */ = {
			isa = XCConfigurationList;
			buildConfigurations = (
				2E1489A62BB1C95500B81401 /* Debug */,
				2E1489A72BB1C95500B81401 /* Release */,
			);
			defaultConfigurationIsVisible = 0;
			defaultConfigurationName = Release;
		};
		2E1489A82BB1C95500B81401 /* Build configuration list for PBXNativeTarget "TravellingApp" */ = {
			isa = XCConfigurationList;
			buildConfigurations = (
				2E1489A92BB1C95500B81401 /* Debug */,
				2E1489AA2BB1C95500B81401 /* Release */,
			);
			defaultConfigurationIsVisible = 0;
			defaultConfigurationName = Release;
		};
/* End XCConfigurationList section */

/* Begin XCRemoteSwiftPackageReference section */
		2EE084842BD93294006B7005 /* XCRemoteSwiftPackageReference "firebase-ios-sdk" */ = {
			isa = XCRemoteSwiftPackageReference;
			repositoryURL = "https://github.com/firebase/firebase-ios-sdk";
			requirement = {
				kind = upToNextMajorVersion;
				minimumVersion = 10.0.0;
			};
		};
/* End XCRemoteSwiftPackageReference section */

/* Begin XCSwiftPackageProductDependency section */
		2EE084852BD93294006B7005 /* FirebaseAuth */ = {
			isa = XCSwiftPackageProductDependency;
			package = 2EE084842BD93294006B7005 /* XCRemoteSwiftPackageReference "firebase-ios-sdk" */;
			productName = FirebaseAuth;
		};
		2EE084872BD93294006B7005 /* FirebaseDatabase */ = {
			isa = XCSwiftPackageProductDependency;
			package = 2EE084842BD93294006B7005 /* XCRemoteSwiftPackageReference "firebase-ios-sdk" */;
			productName = FirebaseDatabase;
		};
		2EE084892BD93294006B7005 /* FirebaseFirestore */ = {
			isa = XCSwiftPackageProductDependency;
			package = 2EE084842BD93294006B7005 /* XCRemoteSwiftPackageReference "firebase-ios-sdk" */;
			productName = FirebaseFirestore;
		};
		2EE0848B2BD93294006B7005 /* FirebaseStorage */ = {
			isa = XCSwiftPackageProductDependency;
			package = 2EE084842BD93294006B7005 /* XCRemoteSwiftPackageReference "firebase-ios-sdk" */;
			productName = FirebaseStorage;
		};
/* End XCSwiftPackageProductDependency section */
	};
	rootObject = 2E14898C2BB1C95400B81401 /* Project object */;
}
